Microsoft Visual Studio Solution File, Format Version 12.00
# Visual Studio Version 17
VisualStudioVersion = 17.5.2.0
MinimumVisualStudioVersion = 10.0.40219.1
Project("{FAE04EC0-301F-11D3-BF4B-00C04F79EFBC}") = "FiscalDataCRUD-MVC", "FiscalDataCRUD-MVC.csproj", "{9916C40B-0BE7-07A8-80E7-283D5E77C1DD}"
EndProject
Global
	GlobalSection(SolutionConfigurationPlatforms) = preSolution
		Debug|Any CPU = Debug|Any CPU
		Release|Any CPU = Release|Any CPU
	EndGlobalSection
	GlobalSection(ProjectConfigurationPlatforms) = postSolution
		{9916C40B-0BE7-07A8-80E7-283D5E77C1DD}.Debug|Any CPU.ActiveCfg = Debug|Any CPU
		{9916C40B-0BE7-07A8-80E7-283D5E77C1DD}.Debug|Any CPU.Build.0 = Debug|Any CPU
		{9916C40B-0BE7-07A8-80E7-283D5E77C1DD}.Release|Any CPU.ActiveCfg = Release|Any CPU
		{9916C40B-0BE7-07A8-80E7-283D5E77C1DD}.Release|Any CPU.Build.0 = Release|Any CPU
	EndGlobalSection
	GlobalSection(SolutionProperties) = preSolution
		HideSolutionNode = FALSE
	EndGlobalSection
	GlobalSection(ExtensibilityGlobals) = postSolution
		SolutionGuid = {7A8E0063-BFBE-4ADA-9104-1B0792EB067E}
	EndGlobalSection
EndGlobal
